
Microsoft Visual Studio Solution File, Format Version 12.00
# Visual Studio 15
VisualStudioVersion = 15.0.28307.421
MinimumVisualStudioVersion = 10.0.40219.1
Project("{FAE04EC0-301F-11D3-BF4B-00C04F79EFBC}") = "Vagas.Android", "Vagas\Vagas.Android\Vagas.Android.csproj", "{360577F0-14FE-4525-93AE-B873E9BFBA80}"
EndProject
Project("{FAE04EC0-301F-11D3-BF4B-00C04F79EFBC}") = "Vagas.iOS", "Vagas\Vagas.iOS\Vagas.iOS.csproj", "{7F9D54B1-8F04-4211-BCE3-5B387E01432E}"
EndProject
Project("{FAE04EC0-301F-11D3-BF4B-00C04F79EFBC}") = "Vagas.UWP", "Vagas\Vagas.UWP\Vagas.UWP.csproj", "{2217FFA1-2BC4-47AC-8AEC-8D4CCD4D7F36}"
EndProject
Project("{FAE04EC0-301F-11D3-BF4B-00C04F79EFBC}") = "Vagas", "Vagas\Vagas\Vagas.csproj", "{E0DAB49E-7AC4-48F5-B1A0-6FC23B40E63C}"
EndProject
Global
	GlobalSection(SolutionConfigurationPlatforms) = preSolution
		Ad-Hoc|Any CPU = Ad-Hoc|Any CPU
		Ad-Hoc|ARM = Ad-Hoc|ARM
		Ad-Hoc|iPhone = Ad-Hoc|iPhone
		Ad-Hoc|iPhoneSimulator = Ad-Hoc|iPhoneSimulator
		Ad-Hoc|x64 = Ad-Hoc|x64
		Ad-Hoc|x86 = Ad-Hoc|x86
		AppStore|Any CPU = AppStore|Any CPU
		AppStore|ARM = AppStore|ARM
		AppStore|iPhone = AppStore|iPhone
		AppStore|iPhoneSimulator = AppStore|iPhoneSimulator
		AppStore|x64 = AppStore|x64
		AppStore|x86 = AppStore|x86
		Debug|Any CPU = Debug|Any CPU
		Debug|ARM = Debug|ARM
		Debug|iPhone = Debug|iPhone
		Debug|iPhoneSimulator = Debug|iPhoneSimulator
		Debug|x64 = Debug|x64
		Debug|x86 = Debug|x86
		Release|Any CPU = Release|Any CPU
		Release|ARM = Release|ARM
		Release|iPhone = Release|iPhone
		Release|iPhoneSimulator = Release|iPhoneSimulator
		Release|x64 = Release|x64
		Release|x86 = Release|x86
	EndGlobalSection
	GlobalSection(ProjectConfigurationPlatforms) = postSolution
		{360577F0-14FE-4525-93AE-B873E9BFBA80}.Ad-Hoc|Any CPU.ActiveCfg = Release|Any CPU
		{360577F0-14FE-4525-93AE-B873E9BFBA80}.Ad-Hoc|Any CPU.Build.0 = Release|Any CPU
		{360577F0-14FE-4525-93AE-B873E9BFBA80}.Ad-Hoc|Any CPU.Deploy.0 = Release|Any CPU
		{360577F0-14FE-4525-93AE-B873E9BFBA80}.Ad-Hoc|ARM.ActiveCfg = Release|Any CPU
		{360577F0-14FE-4525-93AE-B873E9BFBA80}.Ad-Hoc|ARM.Build.0 = Release|Any CPU
		{360577F0-14FE-4525-93AE-B873E9BFBA80}.Ad-Hoc|ARM.Deploy.0 = Release|Any CPU
		{360577F0-14FE-4525-93AE-B873E9BFBA80}.Ad-Hoc|iPhone.ActiveCfg = Release|Any CPU
		{360577F0-14FE-4525-93AE-B873E9BFBA80}.Ad-Hoc|iPhone.Build.0 = Release|Any CPU
		{360577F0-14FE-4525-93AE-B873E9BFBA80}.Ad-Hoc|iPhone.Deploy.0 = Release|Any CPU
		{360577F0-14FE-4525-93AE-B873E9BFBA80}.Ad-Hoc|iPhoneSimulator.ActiveCfg = Release|Any CPU
		{360577F0-14FE-4525-93AE-B873E9BFBA80}.Ad-Hoc|iPhoneSimulator.Build.0 = Release|Any CPU
		{360577F0-14FE-4525-93AE-B873E9BFBA80}.Ad-Hoc|iPhoneSimulator.Deploy.0 = Release|Any CPU
		{360577F0-14FE-4525-93AE-B873E9BFBA80}.Ad-Hoc|x64.ActiveCfg = Release|Any CPU
		{360577F0-14FE-4525-93AE-B873E9BFBA80}.Ad-Hoc|x64.Build.0 = Release|Any CPU
		{360577F0-14FE-4525-93AE-B873E9BFBA80}.Ad-Hoc|x64.Deploy.0 = Release|Any CPU
		{360577F0-14FE-4525-93AE-B873E9BFBA80}.Ad-Hoc|x86.ActiveCfg = Release|Any CPU
		{360577F0-14FE-4525-93AE-B873E9BFBA80}.Ad-Hoc|x86.Build.0 = Release|Any CPU
		{360577F0-14FE-4525-93AE-B873E9BFBA80}.Ad-Hoc|x86.Deploy.0 = Release|Any CPU
		{360577F0-14FE-4525-93AE-B873E9BFBA80}.AppStore|Any CPU.ActiveCfg = Release|Any CPU
		{360577F0-14FE-4525-93AE-B873E9BFBA80}.AppStore|Any CPU.Build.0 = Release|Any CPU
		{360577F0-14FE-4525-93AE-B873E9BFBA80}.AppStore|Any CPU.Deploy.0 = Release|Any CPU
		{360577F0-14FE-4525-93AE-B873E9BFBA80}.AppStore|ARM.ActiveCfg = Release|Any CPU
		{360577F0-14FE-4525-93AE-B873E9BFBA80}.AppStore|ARM.Build.0 = Release|Any CPU
		{360577F0-14FE-4525-93AE-B873E9BFBA80}.AppStore|ARM.Deploy.0 = Release|Any CPU
		{360577F0-14FE-4525-93AE-B873E9BFBA80}.AppStore|iPhone.ActiveCfg = Release|Any CPU
		{360577F0-14FE-4525-93AE-B873E9BFBA80}.AppStore|iPhone.Build.0 = Release|Any CPU
		{360577F0-14FE-4525-93AE-B873E9BFBA80}.AppStore|iPhone.Deploy.0 = Release|Any CPU
		{360577F0-14FE-4525-93AE-B873E9BFBA80}.AppStore|iPhoneSimulator.ActiveCfg = Release|Any CPU
		{360577F0-14FE-4525-93AE-B873E9BFBA80}.AppStore|iPhoneSimulator.Build.0 = Release|Any CPU
		{360577F0-14FE-4525-93AE-B873E9BFBA80}.AppStore|iPhoneSimulator.Deploy.0 = Release|Any CPU
		{360577F0-14FE-4525-93AE-B873E9BFBA80}.AppStore|x64.ActiveCfg = Release|Any CPU
		{360577F0-14FE-4525-93AE-B873E9BFBA80}.AppStore|x64.Build.0 = Release|Any CPU
		{360577F0-14FE-4525-93AE-B873E9BFBA80}.AppStore|x64.Deploy.0 = Release|Any CPU
		{360577F0-14FE-4525-93AE-B873E9BFBA80}.AppStore|x86.ActiveCfg = Release|Any CPU
		{360577F0-14FE-4525-93AE-B873E9BFBA80}.AppStore|x86.Build.0 = Release|Any CPU
		{360577F0-14FE-4525-93AE-B873E9BFBA80}.AppStore|x86.Deploy.0 = Release|Any CPU
		{360577F0-14FE-4525-93AE-B873E9BFBA80}.Debug|Any CPU.ActiveCfg = Debug|Any CPU
		{360577F0-14FE-4525-93AE-B873E9BFBA80}.Debug|Any CPU.Build.0 = Debug|Any CPU
		{360577F0-14FE-4525-93AE-B873E9BFBA80}.Debug|Any CPU.Deploy.0 = Debug|Any CPU
		{360577F0-14FE-4525-93AE-B873E9BFBA80}.Debug|ARM.ActiveCfg = Debug|Any CPU
		{360577F0-14FE-4525-93AE-B873E9BFBA80}.Debug|ARM.Build.0 = Debug|Any CPU
		{360577F0-14FE-4525-93AE-B873E9BFBA80}.Debug|ARM.Deploy.0 = Debug|Any CPU
		{360577F0-14FE-4525-93AE-B873E9BFBA80}.Debug|iPhone.ActiveCfg = Debug|Any CPU
		{360577F0-14FE-4525-93AE-B873E9BFBA80}.Debug|iPhone.Build.0 = Debug|Any CPU
		{360577F0-14FE-4525-93AE-B873E9BFBA80}.Debug|iPhone.Deploy.0 = Debug|Any CPU
		{360577F0-14FE-4525-93AE-B873E9BFBA80}.Debug|iPhoneSimulator.ActiveCfg = Debug|Any CPU
		{360577F0-14FE-4525-93AE-B873E9BFBA80}.Debug|iPhoneSimulator.Build.0 = Debug|Any CPU
		{360577F0-14FE-4525-93AE-B873E9BFBA80}.Debug|iPhoneSimulator.Deploy.0 = Debug|Any CPU
		{360577F0-14FE-4525-93AE-B873E9BFBA80}.Debug|x64.ActiveCfg = Debug|Any CPU
		{360577F0-14FE-4525-93AE-B873E9BFBA80}.Debug|x64.Build.0 = Debug|Any CPU
		{360577F0-14FE-4525-93AE-B873E9BFBA80}.Debug|x64.Deploy.0 = Debug|Any CPU
		{360577F0-14FE-4525-93AE-B873E9BFBA80}.Debug|x86.ActiveCfg = Debug|Any CPU
		{360577F0-14FE-4525-93AE-B873E9BFBA80}.Debug|x86.Build.0 = Debug|Any CPU
		{360577F0-14FE-4525-93AE-B873E9BFBA80}.Debug|x86.Deploy.0 = Debug|Any CPU
		{360577F0-14FE-4525-93AE-B873E9BFBA80}.Release|Any CPU.ActiveCfg = Release|Any CPU
		{360577F0-14FE-4525-93AE-B873E9BFBA80}.Release|Any CPU.Build.0 = Release|Any CPU
		{360577F0-14FE-4525-93AE-B873E9BFBA80}.Release|Any CPU.Deploy.0 = Release|Any CPU
		{360577F0-14FE-4525-93AE-B873E9BFBA80}.Release|ARM.ActiveCfg = Release|Any CPU
		{360577F0-14FE-4525-93AE-B873E9BFBA80}.Release|ARM.Build.0 = Release|Any CPU
		{360577F0-14FE-4525-93AE-B873E9BFBA80}.Release|ARM.Deploy.0 = Release|Any CPU
		{360577F0-14FE-4525-93AE-B873E9BFBA80}.Release|iPhone.ActiveCfg = Release|Any CPU
		{360577F0-14FE-4525-93AE-B873E9BFBA80}.Release|iPhone.Build.0 = Release|Any CPU
		{360577F0-14FE-4525-93AE-B873E9BFBA80}.Release|iPhone.Deploy.0 = Release|Any CPU
		{360577F0-14FE-4525-93AE-B873E9BFBA80}.Release|iPhoneSimulator.ActiveCfg = Release|Any CPU
		{360577F0-14FE-4525-93AE-B873E9BFBA80}.Release|iPhoneSimulator.Build.0 = Release|Any CPU
		{360577F0-14FE-4525-93AE-B873E9BFBA80}.Release|iPhoneSimulator.Deploy.0 = Release|Any CPU
		{360577F0-14FE-4525-93AE-B873E9BFBA80}.Release|x64.ActiveCfg = Release|Any CPU
		{360577F0-14FE-4525-93AE-B873E9BFBA80}.Release|x64.Build.0 = Release|Any CPU
		{360577F0-14FE-4525-93AE-B873E9BFBA80}.Release|x64.Deploy.0 = Release|Any CPU
		{360577F0-14FE-4525-93AE-B873E9BFBA80}.Release|x86.ActiveCfg = Release|Any CPU
		{360577F0-14FE-4525-93AE-B873E9BFBA80}.Release|x86.Build.0 = Release|Any CPU
		{360577F0-14FE-4525-93AE-B873E9BFBA80}.Release|x86.Deploy.0 = Release|Any CPU
		{7F9D54B1-8F04-4211-BCE3-5B387E01432E}.Ad-Hoc|Any CPU.ActiveCfg = Ad-Hoc|iPhone
		{7F9D54B1-8F04-4211-BCE3-5B387E01432E}.Ad-Hoc|Any CPU.Build.0 = Ad-Hoc|iPhone
		{7F9D54B1-8F04-4211-BCE3-5B387E01432E}.Ad-Hoc|Any CPU.Deploy.0 = Ad-Hoc|iPhone
		{7F9D54B1-8F04-4211-BCE3-5B387E01432E}.Ad-Hoc|ARM.ActiveCfg = Ad-Hoc|iPhone
		{7F9D54B1-8F04-4211-BCE3-5B387E01432E}.Ad-Hoc|ARM.Build.0 = Ad-Hoc|iPhone
		{7F9D54B1-8F04-4211-BCE3-5B387E01432E}.Ad-Hoc|ARM.Deploy.0 = Ad-Hoc|iPhone
		{7F9D54B1-8F04-4211-BCE3-5B387E01432E}.Ad-Hoc|iPhone.ActiveCfg = Ad-Hoc|iPhone
		{7F9D54B1-8F04-4211-BCE3-5B387E01432E}.Ad-Hoc|iPhone.Build.0 = Ad-Hoc|iPhone
		{7F9D54B1-8F04-4211-BCE3-5B387E01432E}.Ad-Hoc|iPhone.Deploy.0 = Ad-Hoc|iPhone
		{7F9D54B1-8F04-4211-BCE3-5B387E01432E}.Ad-Hoc|iPhoneSimulator.ActiveCfg = Ad-Hoc|iPhoneSimulator
		{7F9D54B1-8F04-4211-BCE3-5B387E01432E}.Ad-Hoc|iPhoneSimulator.Build.0 = Ad-Hoc|iPhoneSimulator
		{7F9D54B1-8F04-4211-BCE3-5B387E01432E}.Ad-Hoc|iPhoneSimulator.Deploy.0 = Ad-Hoc|iPhoneSimulator
		{7F9D54B1-8F04-4211-BCE3-5B387E01432E}.Ad-Hoc|x64.ActiveCfg = Ad-Hoc|iPhone
		{7F9D54B1-8F04-4211-BCE3-5B387E01432E}.Ad-Hoc|x64.Build.0 = Ad-Hoc|iPhone
		{7F9D54B1-8F04-4211-BCE3-5B387E01432E}.Ad-Hoc|x64.Deploy.0 = Ad-Hoc|iPhone
		{7F9D54B1-8F04-4211-BCE3-5B387E01432E}.Ad-Hoc|x86.ActiveCfg = Ad-Hoc|iPhone
		{7F9D54B1-8F04-4211-BCE3-5B387E01432E}.Ad-Hoc|x86.Build.0 = Ad-Hoc|iPhone
		{7F9D54B1-8F04-4211-BCE3-5B387E01432E}.Ad-Hoc|x86.Deploy.0 = Ad-Hoc|iPhone
		{7F9D54B1-8F04-4211-BCE3-5B387E01432E}.AppStore|Any CPU.ActiveCfg = AppStore|iPhone
		{7F9D54B1-8F04-4211-BCE3-5B387E01432E}.AppStore|Any CPU.Build.0 = AppStore|iPhone
		{7F9D54B1-8F04-4211-BCE3-5B387E01432E}.AppStore|Any CPU.Deploy.0 = AppStore|iPhone
		{7F9D54B1-8F04-4211-BCE3-5B387E01432E}.AppStore|ARM.ActiveCfg = AppStore|iPhone
		{7F9D54B1-8F04-4211-BCE3-5B387E01432E}.AppStore|ARM.Build.0 = AppStore|iPhone
		{7F9D54B1-8F04-4211-BCE3-5B387E01432E}.AppStore|ARM.Deploy.0 = AppStore|iPhone
		{7F9D54B1-8F04-4211-BCE3-5B387E01432E}.AppStore|iPhone.ActiveCfg = AppStore|iPhone
		{7F9D54B1-8F04-4211-BCE3-5B387E01432E}.AppStore|iPhone.Build.0 = AppStore|iPhone
		{7F9D54B1-8F04-4211-BCE3-5B387E01432E}.AppStore|iPhone.Deploy.0 = AppStore|iPhone
		{7F9D54B1-8F04-4211-BCE3-5B387E01432E}.AppStore|iPhoneSimulator.ActiveCfg = AppStore|iPhoneSimulator
		{7F9D54B1-8F04-4211-BCE3-5B387E01432E}.AppStore|iPhoneSimulator.Build.0 = AppStore|iPhoneSimulator
		{7F9D54B1-8F04-4211-BCE3-5B387E01432E}.AppStore|iPhoneSimulator.Deploy.0 = AppStore|iPhoneSimulator
		{7F9D54B1-8F04-4211-BCE3-5B387E01432E}.AppStore|x64.ActiveCfg = AppStore|iPhone
		{7F9D54B1-8F04-4211-BCE3-5B387E01432E}.AppStore|x64.Build.0 = AppStore|iPhone
		{7F9D54B1-8F04-4211-BCE3-5B387E01432E}.AppStore|x64.Deploy.0 = AppStore|iPhone
		{7F9D54B1-8F04-4211-BCE3-5B387E01432E}.AppStore|x86.ActiveCfg = AppStore|iPhone
		{7F9D54B1-8F04-4211-BCE3-5B387E01432E}.AppStore|x86.Build.0 = AppStore|iPhone
		{7F9D54B1-8F04-4211-BCE3-5B387E01432E}.AppStore|x86.Deploy.0 = AppStore|iPhone
		{7F9D54B1-8F04-4211-BCE3-5B387E01432E}.Debug|Any CPU.ActiveCfg = Debug|iPhoneSimulator
		{7F9D54B1-8F04-4211-BCE3-5B387E01432E}.Debug|Any CPU.Build.0 = Debug|iPhoneSimulator
		{7F9D54B1-8F04-4211-BCE3-5B387E01432E}.Debug|Any CPU.Deploy.0 = Debug|iPhoneSimulator
		{7F9D54B1-8F04-4211-BCE3-5B387E01432E}.Debug|ARM.ActiveCfg = Debug|iPhone
		{7F9D54B1-8F04-4211-BCE3-5B387E01432E}.Debug|ARM.Build.0 = Debug|iPhone
		{7F9D54B1-8F04-4211-BCE3-5B387E01432E}.Debug|ARM.Deploy.0 = Debug|iPhone
		{7F9D54B1-8F04-4211-BCE3-5B387E01432E}.Debug|iPhone.ActiveCfg = Debug|iPhone
		{7F9D54B1-8F04-4211-BCE3-5B387E01432E}.Debug|iPhone.Build.0 = Debug|iPhone
		{7F9D54B1-8F04-4211-BCE3-5B387E01432E}.Debug|iPhone.Deploy.0 = Debug|iPhone
		{7F9D54B1-8F04-4211-BCE3-5B387E01432E}.Debug|iPhoneSimulator.ActiveCfg = Debug|iPhoneSimulator
		{7F9D54B1-8F04-4211-BCE3-5B387E01432E}.Debug|iPhoneSimulator.Build.0 = Debug|iPhoneSimulator
		{7F9D54B1-8F04-4211-BCE3-5B387E01432E}.Debug|iPhoneSimulator.Deploy.0 = Debug|iPhoneSimulator
		{7F9D54B1-8F04-4211-BCE3-5B387E01432E}.Debug|x64.ActiveCfg = Debug|iPhone
		{7F9D54B1-8F04-4211-BCE3-5B387E01432E}.Debug|x64.Build.0 = Debug|iPhone
		{7F9D54B1-8F04-4211-BCE3-5B387E01432E}.Debug|x64.Deploy.0 = Debug|iPhone
		{7F9D54B1-8F04-4211-BCE3-5B387E01432E}.Debug|x86.ActiveCfg = Debug|iPhone
		{7F9D54B1-8F04-4211-BCE3-5B387E01432E}.Debug|x86.Build.0 = Debug|iPhone
		{7F9D54B1-8F04-4211-BCE3-5B387E01432E}.Debug|x86.Deploy.0 = Debug|iPhone
		{7F9D54B1-8F04-4211-BCE3-5B387E01432E}.Release|Any CPU.ActiveCfg = Release|iPhone
		{7F9D54B1-8F04-4211-BCE3-5B387E01432E}.Release|Any CPU.Build.0 = Release|iPhone
		{7F9D54B1-8F04-4211-BCE3-5B387E01432E}.Release|Any CPU.Deploy.0 = Release|iPhone
		{7F9D54B1-8F04-4211-BCE3-5B387E01432E}.Release|ARM.ActiveCfg = Release|iPhone
		{7F9D54B1-8F04-4211-BCE3-5B387E01432E}.Release|ARM.Build.0 = Release|iPhone
		{7F9D54B1-8F04-4211-BCE3-5B387E01432E}.Release|ARM.Deploy.0 = Release|iPhone
		{7F9D54B1-8F04-4211-BCE3-5B387E01432E}.Release|iPhone.ActiveCfg = Release|iPhone
		{7F9D54B1-8F04-4211-BCE3-5B387E01432E}.Release|iPhone.Build.0 = Release|iPhone
		{7F9D54B1-8F04-4211-BCE3-5B387E01432E}.Release|iPhone.Deploy.0 = Release|iPhone
		{7F9D54B1-8F04-4211-BCE3-5B387E01432E}.Release|iPhoneSimulator.ActiveCfg = Release|iPhoneSimulator
		{7F9D54B1-8F04-4211-BCE3-5B387E01432E}.Release|iPhoneSimulator.Build.0 = Release|iPhoneSimulator
		{7F9D54B1-8F04-4211-BCE3-5B387E01432E}.Release|iPhoneSimulator.Deploy.0 = Release|iPhoneSimulator
		{7F9D54B1-8F04-4211-BCE3-5B387E01432E}.Release|x64.ActiveCfg = Release|iPhone
		{7F9D54B1-8F04-4211-BCE3-5B387E01432E}.Release|x64.Build.0 = Release|iPhone
		{7F9D54B1-8F04-4211-BCE3-5B387E01432E}.Release|x64.Deploy.0 = Release|iPhone
		{7F9D54B1-8F04-4211-BCE3-5B387E01432E}.Release|x86.ActiveCfg = Release|iPhone
		{7F9D54B1-8F04-4211-BCE3-5B387E01432E}.Release|x86.Build.0 = Release|iPhone
		{7F9D54B1-8F04-4211-BCE3-5B387E01432E}.Release|x86.Deploy.0 = Release|iPhone
		{2217FFA1-2BC4-47AC-8AEC-8D4CCD4D7F36}.Ad-Hoc|Any CPU.ActiveCfg = Release|x86
		{2217FFA1-2BC4-47AC-8AEC-8D4CCD4D7F36}.Ad-Hoc|Any CPU.Build.0 = Release|x86
		{2217FFA1-2BC4-47AC-8AEC-8D4CCD4D7F36}.Ad-Hoc|Any CPU.Deploy.0 = Release|x86
		{2217FFA1-2BC4-47AC-8AEC-8D4CCD4D7F36}.Ad-Hoc|ARM.ActiveCfg = Release|ARM
		{2217FFA1-2BC4-47AC-8AEC-8D4CCD4D7F36}.Ad-Hoc|ARM.Build.0 = Release|ARM
		{2217FFA1-2BC4-47AC-8AEC-8D4CCD4D7F36}.Ad-Hoc|ARM.Deploy.0 = Release|ARM
		{2217FFA1-2BC4-47AC-8AEC-8D4CCD4D7F36}.Ad-Hoc|iPhone.ActiveCfg = Release|x86
		{2217FFA1-2BC4-47AC-8AEC-8D4CCD4D7F36}.Ad-Hoc|iPhone.Build.0 = Release|x86
		{2217FFA1-2BC4-47AC-8AEC-8D4CCD4D7F36}.Ad-Hoc|iPhone.Deploy.0 = Release|x86
		{2217FFA1-2BC4-47AC-8AEC-8D4CCD4D7F36}.Ad-Hoc|iPhoneSimulator.ActiveCfg = Release|x86
		{2217FFA1-2BC4-47AC-8AEC-8D4CCD4D7F36}.Ad-Hoc|iPhoneSimulator.Build.0 = Release|x86
		{2217FFA1-2BC4-47AC-8AEC-8D4CCD4D7F36}.Ad-Hoc|iPhoneSimulator.Deploy.0 = Release|x86
		{2217FFA1-2BC4-47AC-8AEC-8D4CCD4D7F36}.Ad-Hoc|x64.ActiveCfg = Release|x64
		{2217FFA1-2BC4-47AC-8AEC-8D4CCD4D7F36}.Ad-Hoc|x64.Build.0 = Release|x64
		{2217FFA1-2BC4-47AC-8AEC-8D4CCD4D7F36}.Ad-Hoc|x64.Deploy.0 = Release|x64
		{2217FFA1-2BC4-47AC-8AEC-8D4CCD4D7F36}.Ad-Hoc|x86.ActiveCfg = Release|x86
		{2217FFA1-2BC4-47AC-8AEC-8D4CCD4D7F36}.Ad-Hoc|x86.Build.0 = Release|x86
		{2217FFA1-2BC4-47AC-8AEC-8D4CCD4D7F36}.Ad-Hoc|x86.Deploy.0 = Release|x86
		{2217FFA1-2BC4-47AC-8AEC-8D4CCD4D7F36}.AppStore|Any CPU.ActiveCfg = Release|x86
		{2217FFA1-2BC4-47AC-8AEC-8D4CCD4D7F36}.AppStore|Any CPU.Build.0 = Release|x86
		{2217FFA1-2BC4-47AC-8AEC-8D4CCD4D7F36}.AppStore|Any CPU.Deploy.0 = Release|x86
		{2217FFA1-2BC4-47AC-8AEC-8D4CCD4D7F36}.AppStore|ARM.ActiveCfg = Release|ARM
		{2217FFA1-2BC4-47AC-8AEC-8D4CCD4D7F36}.AppStore|ARM.Build.0 = Release|ARM
		{2217FFA1-2BC4-47AC-8AEC-8D4CCD4D7F36}.AppStore|ARM.Deploy.0 = Release|ARM
		{2217FFA1-2BC4-47AC-8AEC-8D4CCD4D7F36}.AppStore|iPhone.ActiveCfg = Release|x86
		{2217FFA1-2BC4-47AC-8AEC-8D4CCD4D7F36}.AppStore|iPhone.Build.0 = Release|x86
		{2217FFA1-2BC4-47AC-8AEC-8D4CCD4D7F36}.AppStore|iPhone.Deploy.0 = Release|x86
		{2217FFA1-2BC4-47AC-8AEC-8D4CCD4D7F36}.AppStore|iPhoneSimulator.ActiveCfg = Release|x86
		{2217FFA1-2BC4-47AC-8AEC-8D4CCD4D7F36}.AppStore|iPhoneSimulator.Build.0 = Release|x86
		{2217FFA1-2BC4-47AC-8AEC-8D4CCD4D7F36}.AppStore|iPhoneSimulator.Deploy.0 = Release|x86
		{2217FFA1-2BC4-47AC-8AEC-8D4CCD4D7F36}.AppStore|x64.ActiveCfg = Release|x64
		{2217FFA1-2BC4-47AC-8AEC-8D4CCD4D7F36}.AppStore|x64.Build.0 = Release|x64
		{2217FFA1-2BC4-47AC-8AEC-8D4CCD4D7F36}.AppStore|x64.Deploy.0 = Release|x64
		{2217FFA1-2BC4-47AC-8AEC-8D4CCD4D7F36}.AppStore|x86.ActiveCfg = Release|x86
		{2217FFA1-2BC4-47AC-8AEC-8D4CCD4D7F36}.AppStore|x86.Build.0 = Release|x86
		{2217FFA1-2BC4-47AC-8AEC-8D4CCD4D7F36}.AppStore|x86.Deploy.0 = Release|x86
		{2217FFA1-2BC4-47AC-8AEC-8D4CCD4D7F36}.Debug|Any CPU.ActiveCfg = Debug|x86
		{2217FFA1-2BC4-47AC-8AEC-8D4CCD4D7F36}.Debug|Any CPU.Build.0 = Debug|x86
		{2217FFA1-2BC4-47AC-8AEC-8D4CCD4D7F36}.Debug|Any CPU.Deploy.0 = Debug|x86
		{2217FFA1-2BC4-47AC-8AEC-8D4CCD4D7F36}.Debug|ARM.ActiveCfg = Debug|ARM
		{2217FFA1-2BC4-47AC-8AEC-8D4CCD4D7F36}.Debug|ARM.Build.0 = Debug|ARM
		{2217FFA1-2BC4-47AC-8AEC-8D4CCD4D7F36}.Debug|ARM.Deploy.0 = Debug|ARM
		{2217FFA1-2BC4-47AC-8AEC-8D4CCD4D7F36}.Debug|iPhone.ActiveCfg = Debug|x86
		{2217FFA1-2BC4-47AC-8AEC-8D4CCD4D7F36}.Debug|iPhone.Build.0 = Debug|x86
		{2217FFA1-2BC4-47AC-8AEC-8D4CCD4D7F36}.Debug|iPhone.Deploy.0 = Debug|x86
		{2217FFA1-2BC4-47AC-8AEC-8D4CCD4D7F36}.Debug|iPhoneSimulator.ActiveCfg = Debug|x86
		{2217FFA1-2BC4-47AC-8AEC-8D4CCD4D7F36}.Debug|iPhoneSimulator.Build.0 = Debug|x86
		{2217FFA1-2BC4-47AC-8AEC-8D4CCD4D7F36}.Debug|iPhoneSimulator.Deploy.0 = Debug|x86
		{2217FFA1-2BC4-47AC-8AEC-8D4CCD4D7F36}.Debug|x64.ActiveCfg = Debug|x64
		{2217FFA1-2BC4-47AC-8AEC-8D4CCD4D7F36}.Debug|x64.Build.0 = Debug|x64
		{2217FFA1-2BC4-47AC-8AEC-8D4CCD4D7F36}.Debug|x64.Deploy.0 = Debug|x64
		{2217FFA1-2BC4-47AC-8AEC-8D4CCD4D7F36}.Debug|x86.ActiveCfg = Debug|x86
		{2217FFA1-2BC4-47AC-8AEC-8D4CCD4D7F36}.Debug|x86.Build.0 = Debug|x86
		{2217FFA1-2BC4-47AC-8AEC-8D4CCD4D7F36}.Debug|x86.Deploy.0 = Debug|x86
		{2217FFA1-2BC4-47AC-8AEC-8D4CCD4D7F36}.Release|Any CPU.ActiveCfg = Release|x86
		{2217FFA1-2BC4-47AC-8AEC-8D4CCD4D7F36}.Release|Any CPU.Build.0 = Release|x86
		{2217FFA1-2BC4-47AC-8AEC-8D4CCD4D7F36}.Release|Any CPU.Deploy.0 = Release|x86
		{2217FFA1-2BC4-47AC-8AEC-8D4CCD4D7F36}.Release|ARM.ActiveCfg = Release|ARM
		{2217FFA1-2BC4-47AC-8AEC-8D4CCD4D7F36}.Release|ARM.Build.0 = Release|ARM
		{2217FFA1-2BC4-47AC-8AEC-8D4CCD4D7F36}.Release|ARM.Deploy.0 = Release|ARM
		{2217FFA1-2BC4-47AC-8AEC-8D4CCD4D7F36}.Release|iPhone.ActiveCfg = Release|x86
		{2217FFA1-2BC4-47AC-8AEC-8D4CCD4D7F36}.Release|iPhone.Build.0 = Release|x86
		{2217FFA1-2BC4-47AC-8AEC-8D4CCD4D7F36}.Release|iPhone.Deploy.0 = Release|x86
		{2217FFA1-2BC4-47AC-8AEC-8D4CCD4D7F36}.Release|iPhoneSimulator.ActiveCfg = Release|x86
		{2217FFA1-2BC4-47AC-8AEC-8D4CCD4D7F36}.Release|iPhoneSimulator.Build.0 = Release|x86
		{2217FFA1-2BC4-47AC-8AEC-8D4CCD4D7F36}.Release|iPhoneSimulator.Deploy.0 = Release|x86
		{2217FFA1-2BC4-47AC-8AEC-8D4CCD4D7F36}.Release|x64.ActiveCfg = Release|x64
		{2217FFA1-2BC4-47AC-8AEC-8D4CCD4D7F36}.Release|x64.Build.0 = Release|x64
		{2217FFA1-2BC4-47AC-8AEC-8D4CCD4D7F36}.Release|x64.Deploy.0 = Release|x64
		{2217FFA1-2BC4-47AC-8AEC-8D4CCD4D7F36}.Release|x86.ActiveCfg = Release|x86
		{2217FFA1-2BC4-47AC-8AEC-8D4CCD4D7F36}.Release|x86.Build.0 = Release|x86
		{2217FFA1-2BC4-47AC-8AEC-8D4CCD4D7F36}.Release|x86.Deploy.0 = Release|x86
		{E0DAB49E-7AC4-48F5-B1A0-6FC23B40E63C}.Ad-Hoc|Any CPU.ActiveCfg = Debug|Any CPU
		{E0DAB49E-7AC4-48F5-B1A0-6FC23B40E63C}.Ad-Hoc|Any CPU.Build.0 = Debug|Any CPU
		{E0DAB49E-7AC4-48F5-B1A0-6FC23B40E63C}.Ad-Hoc|Any CPU.Deploy.0 = Debug|Any CPU
		{E0DAB49E-7AC4-48F5-B1A0-6FC23B40E63C}.Ad-Hoc|ARM.ActiveCfg = Debug|Any CPU
		{E0DAB49E-7AC4-48F5-B1A0-6FC23B40E63C}.Ad-Hoc|ARM.Build.0 = Debug|Any CPU
		{E0DAB49E-7AC4-48F5-B1A0-6FC23B40E63C}.Ad-Hoc|ARM.Deploy.0 = Debug|Any CPU
		{E0DAB49E-7AC4-48F5-B1A0-6FC23B40E63C}.Ad-Hoc|iPhone.ActiveCfg = Debug|Any CPU
		{E0DAB49E-7AC4-48F5-B1A0-6FC23B40E63C}.Ad-Hoc|iPhone.Build.0 = Debug|Any CPU
		{E0DAB49E-7AC4-48F5-B1A0-6FC23B40E63C}.Ad-Hoc|iPhone.Deploy.0 = Debug|Any CPU
		{E0DAB49E-7AC4-48F5-B1A0-6FC23B40E63C}.Ad-Hoc|iPhoneSimulator.ActiveCfg = Debug|Any CPU
		{E0DAB49E-7AC4-48F5-B1A0-6FC23B40E63C}.Ad-Hoc|iPhoneSimulator.Build.0 = Debug|Any CPU
		{E0DAB49E-7AC4-48F5-B1A0-6FC23B40E63C}.Ad-Hoc|iPhoneSimulator.Deploy.0 = Debug|Any CPU
		{E0DAB49E-7AC4-48F5-B1A0-6FC23B40E63C}.Ad-Hoc|x64.ActiveCfg = Debug|Any CPU
		{E0DAB49E-7AC4-48F5-B1A0-6FC23B40E63C}.Ad-Hoc|x64.Build.0 = Debug|Any CPU
		{E0DAB49E-7AC4-48F5-B1A0-6FC23B40E63C}.Ad-Hoc|x64.Deploy.0 = Debug|Any CPU
		{E0DAB49E-7AC4-48F5-B1A0-6FC23B40E63C}.Ad-Hoc|x86.ActiveCfg = Debug|Any CPU
		{E0DAB49E-7AC4-48F5-B1A0-6FC23B40E63C}.Ad-Hoc|x86.Build.0 = Debug|Any CPU
		{E0DAB49E-7AC4-48F5-B1A0-6FC23B40E63C}.Ad-Hoc|x86.Deploy.0 = Debug|Any CPU
		{E0DAB49E-7AC4-48F5-B1A0-6FC23B40E63C}.AppStore|Any CPU.ActiveCfg = Debug|Any CPU
		{E0DAB49E-7AC4-48F5-B1A0-6FC23B40E63C}.AppStore|Any CPU.Build.0 = Debug|Any CPU
		{E0DAB49E-7AC4-48F5-B1A0-6FC23B40E63C}.AppStore|Any CPU.Deploy.0 = Debug|Any CPU
		{E0DAB49E-7AC4-48F5-B1A0-6FC23B40E63C}.AppStore|ARM.ActiveCfg = Debug|Any CPU
		{E0DAB49E-7AC4-48F5-B1A0-6FC23B40E63C}.AppStore|ARM.Build.0 = Debug|Any CPU
		{E0DAB49E-7AC4-48F5-B1A0-6FC23B40E63C}.AppStore|ARM.Deploy.0 = Debug|Any CPU
		{E0DAB49E-7AC4-48F5-B1A0-6FC23B40E63C}.AppStore|iPhone.ActiveCfg = Debug|Any CPU
		{E0DAB49E-7AC4-48F5-B1A0-6FC23B40E63C}.AppStore|iPhone.Build.0 = Debug|Any CPU
		{E0DAB49E-7AC4-48F5-B1A0-6FC23B40E63C}.AppStore|iPhone.Deploy.0 = Debug|Any CPU
		{E0DAB49E-7AC4-48F5-B1A0-6FC23B40E63C}.AppStore|iPhoneSimulator.ActiveCfg = Debug|Any CPU
		{E0DAB49E-7AC4-48F5-B1A0-6FC23B40E63C}.AppStore|iPhoneSimulator.Build.0 = Debug|Any CPU
		{E0DAB49E-7AC4-48F5-B1A0-6FC23B40E63C}.AppStore|iPhoneSimulator.Deploy.0 = Debug|Any CPU
		{E0DAB49E-7AC4-48F5-B1A0-6FC23B40E63C}.AppStore|x64.ActiveCfg = Debug|Any CPU
		{E0DAB49E-7AC4-48F5-B1A0-6FC23B40E63C}.AppStore|x64.Build.0 = Debug|Any CPU
		{E0DAB49E-7AC4-48F5-B1A0-6FC23B40E63C}.AppStore|x64.Deploy.0 = Debug|Any CPU
		{E0DAB49E-7AC4-48F5-B1A0-6FC23B40E63C}.AppStore|x86.ActiveCfg = Debug|Any CPU
		{E0DAB49E-7AC4-48F5-B1A0-6FC23B40E63C}.AppStore|x86.Build.0 = Debug|Any CPU
		{E0DAB49E-7AC4-48F5-B1A0-6FC23B40E63C}.AppStore|x86.Deploy.0 = Debug|Any CPU
		{E0DAB49E-7AC4-48F5-B1A0-6FC23B40E63C}.Debug|Any CPU.ActiveCfg = Debug|Any CPU
		{E0DAB49E-7AC4-48F5-B1A0-6FC23B40E63C}.Debug|Any CPU.Build.0 = Debug|Any CPU
		{E0DAB49E-7AC4-48F5-B1A0-6FC23B40E63C}.Debug|Any CPU.Deploy.0 = Debug|Any CPU
		{E0DAB49E-7AC4-48F5-B1A0-6FC23B40E63C}.Debug|ARM.ActiveCfg = Debug|Any CPU
		{E0DAB49E-7AC4-48F5-B1A0-6FC23B40E63C}.Debug|ARM.Build.0 = Debug|Any CPU
		{E0DAB49E-7AC4-48F5-B1A0-6FC23B40E63C}.Debug|ARM.Deploy.0 = Debug|Any CPU
		{E0DAB49E-7AC4-48F5-B1A0-6FC23B40E63C}.Debug|iPhone.ActiveCfg = Debug|Any CPU
		{E0DAB49E-7AC4-48F5-B1A0-6FC23B40E63C}.Debug|iPhone.Build.0 = Debug|Any CPU
		{E0DAB49E-7AC4-48F5-B1A0-6FC23B40E63C}.Debug|iPhone.Deploy.0 = Debug|Any CPU
		{E0DAB49E-7AC4-48F5-B1A0-6FC23B40E63C}.Debug|iPhoneSimulator.ActiveCfg = Debug|Any CPU
		{E0DAB49E-7AC4-48F5-B1A0-6FC23B40E63C}.Debug|iPhoneSimulator.Build.0 = Debug|Any CPU
		{E0DAB49E-7AC4-48F5-B1A0-6FC23B40E63C}.Debug|iPhoneSimulator.Deploy.0 = Debug|Any CPU
		{E0DAB49E-7AC4-48F5-B1A0-6FC23B40E63C}.Debug|x64.ActiveCfg = Debug|Any CPU
		{E0DAB49E-7AC4-48F5-B1A0-6FC23B40E63C}.Debug|x64.Build.0 = Debug|Any CPU
		{E0DAB49E-7AC4-48F5-B1A0-6FC23B40E63C}.Debug|x64.Deploy.0 = Debug|Any CPU
		{E0DAB49E-7AC4-48F5-B1A0-6FC23B40E63C}.Debug|x86.ActiveCfg = Debug|Any CPU
		{E0DAB49E-7AC4-48F5-B1A0-6FC23B40E63C}.Debug|x86.Build.0 = Debug|Any CPU
		{E0DAB49E-7AC4-48F5-B1A0-6FC23B40E63C}.Debug|x86.Deploy.0 = Debug|Any CPU
		{E0DAB49E-7AC4-48F5-B1A0-6FC23B40E63C}.Release|Any CPU.ActiveCfg = Release|Any CPU
		{E0DAB49E-7AC4-48F5-B1A0-6FC23B40E63C}.Release|Any CPU.Build.0 = Release|Any CPU
		{E0DAB49E-7AC4-48F5-B1A0-6FC23B40E63C}.Release|Any CPU.Deploy.0 = Release|Any CPU
		{E0DAB49E-7AC4-48F5-B1A0-6FC23B40E63C}.Release|ARM.ActiveCfg = Release|Any CPU
		{E0DAB49E-7AC4-48F5-B1A0-6FC23B40E63C}.Release|ARM.Build.0 = Release|Any CPU
		{E0DAB49E-7AC4-48F5-B1A0-6FC23B40E63C}.Release|ARM.Deploy.0 = Release|Any CPU
		{E0DAB49E-7AC4-48F5-B1A0-6FC23B40E63C}.Release|iPhone.ActiveCfg = Release|Any CPU
		{E0DAB49E-7AC4-48F5-B1A0-6FC23B40E63C}.Release|iPhone.Build.0 = Release|Any CPU
		{E0DAB49E-7AC4-48F5-B1A0-6FC23B40E63C}.Release|iPhone.Deploy.0 = Release|Any CPU
		{E0DAB49E-7AC4-48F5-B1A0-6FC23B40E63C}.Release|iPhoneSimulator.ActiveCfg = Release|Any CPU
		{E0DAB49E-7AC4-48F5-B1A0-6FC23B40E63C}.Release|iPhoneSimulator.Build.0 = Release|Any CPU
		{E0DAB49E-7AC4-48F5-B1A0-6FC23B40E63C}.Release|iPhoneSimulator.Deploy.0 = Release|Any CPU
		{E0DAB49E-7AC4-48F5-B1A0-6FC23B40E63C}.Release|x64.ActiveCfg = Release|Any CPU
		{E0DAB49E-7AC4-48F5-B1A0-6FC23B40E63C}.Release|x64.Build.0 = Release|Any CPU
		{E0DAB49E-7AC4-48F5-B1A0-6FC23B40E63C}.Release|x64.Deploy.0 = Release|Any CPU
		{E0DAB49E-7AC4-48F5-B1A0-6FC23B40E63C}.Release|x86.ActiveCfg = Release|Any CPU
		{E0DAB49E-7AC4-48F5-B1A0-6FC23B40E63C}.Release|x86.Build.0 = Release|Any CPU
		{E0DAB49E-7AC4-48F5-B1A0-6FC23B40E63C}.Release|x86.Deploy.0 = Release|Any CPU
	EndGlobalSection
	GlobalSection(SolutionProperties) = preSolution
		HideSolutionNode = FALSE
	EndGlobalSection
	GlobalSection(ExtensibilityGlobals) = postSolution
		SolutionGuid = {9272DE2B-16D1-4F8E-B742-2171AAE39586}
	EndGlobalSection
EndGlobal
